
Microsoft Visual Studio Solution File, Format Version 12.00
# Visual Studio Version 17
VisualStudioVersion = 17.1.32228.430
MinimumVisualStudioVersion = 10.0.40219.1
Project("{FAE04EC0-301F-11D3-BF4B-00C04F79EFBC}") = "HepsiBurada", "HepsiBurada\HepsiBurada.csproj", "{83176AFB-683D-4FB4-B6B5-5E977BA9C61B}"
EndProject
Project("{FAE04EC0-301F-11D3-BF4B-00C04F79EFBC}") = "HepsiBurada.Data", "HepsiBurada.Data\HepsiBurada.Data.csproj", "{CEF62130-4542-4206-96C1-B4C338DC1929}"
EndProject
Project("{FAE04EC0-301F-11D3-BF4B-00C04F79EFBC}") = "HepsiBurada.Domain", "HepsiBurada.Domain\HepsiBurada.Domain.csproj", "{1DCBA907-8961-4CE2-B9BE-ACAF03F339D4}"
EndProject
Project("{FAE04EC0-301F-11D3-BF4B-00C04F79EFBC}") = "HepsiBurada.Services", "HepsiBurada.Services\HepsiBurada.Services.csproj", "{38685F0C-8615-48F7-B337-680327991380}"
EndProject
Project("{FAE04EC0-301F-11D3-BF4B-00C04F79EFBC}") = "HepsiBurada.Test", "HepsiBurada.Test\HepsiBurada.Test.csproj", "{6ED493FA-7BA1-4642-B00B-7275F55567E1}"
EndProject
Global
	GlobalSection(SolutionConfigurationPlatforms) = preSolution
		Debug|Any CPU = Debug|Any CPU
		Release|Any CPU = Release|Any CPU
	EndGlobalSection
	GlobalSection(ProjectConfigurationPlatforms) = postSolution
		{83176AFB-683D-4FB4-B6B5-5E977BA9C61B}.Debug|Any CPU.ActiveCfg = Debug|Any CPU
		{83176AFB-683D-4FB4-B6B5-5E977BA9C61B}.Debug|Any CPU.Build.0 = Debug|Any CPU
		{83176AFB-683D-4FB4-B6B5-5E977BA9C61B}.Release|Any CPU.ActiveCfg = Release|Any CPU
		{83176AFB-683D-4FB4-B6B5-5E977BA9C61B}.Release|Any CPU.Build.0 = Release|Any CPU
		{CEF62130-4542-4206-96C1-B4C338DC1929}.Debug|Any CPU.ActiveCfg = Debug|Any CPU
		{CEF62130-4542-4206-96C1-B4C338DC1929}.Debug|Any CPU.Build.0 = Debug|Any CPU
		{CEF62130-4542-4206-96C1-B4C338DC1929}.Release|Any CPU.ActiveCfg = Release|Any CPU
		{CEF62130-4542-4206-96C1-B4C338DC1929}.Release|Any CPU.Build.0 = Release|Any CPU
		{1DCBA907-8961-4CE2-B9BE-ACAF03F339D4}.Debug|Any CPU.ActiveCfg = Debug|Any CPU
		{1DCBA907-8961-4CE2-B9BE-ACAF03F339D4}.Debug|Any CPU.Build.0 = Debug|Any CPU
		{1DCBA907-8961-4CE2-B9BE-ACAF03F339D4}.Release|Any CPU.ActiveCfg = Release|Any CPU
		{1DCBA907-8961-4CE2-B9BE-ACAF03F339D4}.Release|Any CPU.Build.0 = Release|Any CPU
		{38685F0C-8615-48F7-B337-680327991380}.Debug|Any CPU.ActiveCfg = Debug|Any CPU
		{38685F0C-8615-48F7-B337-680327991380}.Debug|Any CPU.Build.0 = Debug|Any CPU
		{38685F0C-8615-48F7-B337-680327991380}.Release|Any CPU.ActiveCfg = Release|Any CPU
		{38685F0C-8615-48F7-B337-680327991380}.Release|Any CPU.Build.0 = Release|Any CPU
		{6ED493FA-7BA1-4642-B00B-7275F55567E1}.Debug|Any CPU.ActiveCfg = Debug|Any CPU
		{6ED493FA-7BA1-4642-B00B-7275F55567E1}.Debug|Any CPU.Build.0 = Debug|Any CPU
		{6ED493FA-7BA1-4642-B00B-7275F55567E1}.Release|Any CPU.ActiveCfg = Release|Any CPU
		{6ED493FA-7BA1-4642-B00B-7275F55567E1}.Release|Any CPU.Build.0 = Release|Any CPU
	EndGlobalSection
	GlobalSection(SolutionProperties) = preSolution
		HideSolutionNode = FALSE
	EndGlobalSection
	GlobalSection(ExtensibilityGlobals) = postSolution
		SolutionGuid = {16EDBFEF-75BD-4FE9-8652-8805D97B7FF9}
	EndGlobalSection
EndGlobal
